{
    "_readme": [
        "This file locks the dependencies of your project to a known state",
        "Read more about it at https://getcomposer.org/doc/01-basic-usage.md#composer-lock-the-lock-file",
        "This file is @generated automatically"
    ],
    "hash": "f4cb19be7cfe996bc5253aaeee488c1c",
    "content-hash": "445af34e68c9cea63f64fddf54afbd39",
    "packages": [
        {
            "name": "google/apiclient",
            "version": "1.1.7",
            "source": {
                "type": "git",
                "url": "https://github.com/google/google-api-php-client.git",
                "reference": "400f250a30ae1dd4c4a0a4f750fe973fc70e6311"
            },
            "dist": {
                "type": "zip",
                "url": "https://api.github.com/repos/google/google-api-php-client/zipball/400f250a30ae1dd4c4a0a4f750fe973fc70e6311",
                "reference": "400f250a30ae1dd4c4a0a4f750fe973fc70e6311",
                "shasum": ""
            },
            "require": {
                "php": ">=5.2.1"
            },
            "require-dev": {
                "phpunit/phpunit": "3.7.*",
                "squizlabs/php_codesniffer": "~2.3"
            },
            "type": "library",
            "extra": {
                "branch-alias": {
                    "dev-master": "1.1.x-dev"
                }
            },
            "autoload": {
                "classmap": [
                    "src/"
                ]
            },
            "notification-url": "https://packagist.org/downloads/",
            "license": [
                "Apache-2.0"
            ],
            "description": "Client library for Google APIs",
            "homepage": "http://developers.google.com/api-client-library/php",
            "keywords": [
                "google"
            ],
            "time": "2016-02-02 18:50:42"
        },
        {
            "name": "kdyby/google",
            "version": "dev-master",
            "source": {
                "type": "git",
                "url": "https://github.com/Kdyby/Google.git",
                "reference": "957410b6efbf39939b62df6b265559a525e51802"
            },
            "dist": {
                "type": "zip",
                "url": "https://api.github.com/repos/Kdyby/Google/zipball/957410b6efbf39939b62df6b265559a525e51802",
                "reference": "957410b6efbf39939b62df6b265559a525e51802",
                "shasum": ""
            },
            "require": {
                "ext-curl": "*",
                "ext-json": "*",
                "google/apiclient": "~1.1",
                "nette/nette": "~2.1@dev"
            },
            "require-dev": {
                "jakub-onderka/php-parallel-lint": "~0.7",
                "nette/tester": "@dev"
            },
            "type": "library",
            "extra": {
                "branch-alias": {
                    "dev-master": "0.1-dev"
                }
            },
            "autoload": {
                "psr-0": {
                    "Kdyby\\Google\\": "src/"
                },
                "classmap": [
                    "src/Kdyby/Google/exceptions.php"
                ]
            },
            "notification-url": "https://packagist.org/downloads/",
            "license": [
                "BSD-3-Clause",
                "GPL-2.0",
                "GPL-3.0"
            ],
            "authors": [
                {
                    "name": "Filip Procházka",
                    "email": "filip@prochazka.su",
                    "homepage": "http://filip-prochazka.com"
                },
                {
                    "name": "Mikuláš Dítě",
                    "email": "mikulas@dite.pro"
                },
                {
                    "name": "Google",
                    "homepage": "https://github.com/google/google-api-php-client/graphs/contributors"
                }
            ],
            "description": "Google API wrapper and authentication for Nette Framework",
            "homepage": "http://kdyby.org",
            "keywords": [
                "Authentication",
                "auth",
                "google",
                "login",
                "nette"
            ],
            "time": "2016-01-09 23:47:58"
        },
        {
            "name": "latte/latte",
            "version": "v2.3.11",
            "source": {
                "type": "git",
                "url": "https://github.com/nette/latte.git",
                "reference": "a337509d08f5622c0baff971346a4a101416842d"
            },
            "dist": {
                "type": "zip",
                "url": "https://api.github.com/repos/nette/latte/zipball/a337509d08f5622c0baff971346a4a101416842d",
                "reference": "a337509d08f5622c0baff971346a4a101416842d",
                "shasum": ""
            },
            "require": {
                "ext-tokenizer": "*",
                "php": ">=5.3.1"
            },
            "require-dev": {
                "nette/tester": "~1.3"
            },
            "suggest": {
                "ext-fileinfo": "to use filter |datastream",
                "ext-mbstring": "to use filters like lower, upper, capitalize, ..."
            },
            "type": "library",
            "autoload": {
                "classmap": [
                    "src/"
                ]
            },
            "notification-url": "https://packagist.org/downloads/",
            "license": [
                "BSD-3-Clause",
                "GPL-2.0",
                "GPL-3.0"
            ],
            "authors": [
                {
                    "name": "David Grudl",
                    "homepage": "https://davidgrudl.com"
                },
                {
                    "name": "Nette Community",
                    "homepage": "https://nette.org/contributors"
                }
            ],
            "description": "Latte: the amazing template engine for PHP",
            "homepage": "https://latte.nette.org",
            "keywords": [
                "templating",
                "twig"
            ],
            "time": "2016-04-10 23:40:55"
        },
        {
            "name": "nette/application",
            "version": "v2.3.12",
            "source": {
                "type": "git",
                "url": "https://github.com/nette/application.git",
                "reference": "bd834c6a97a86d384cb71a9f16d59d78990f61d8"
            },
            "dist": {
                "type": "zip",
                "url": "https://api.github.com/repos/nette/application/zipball/bd834c6a97a86d384cb71a9f16d59d78990f61d8",
                "reference": "bd834c6a97a86d384cb71a9f16d59d78990f61d8",
                "shasum": ""
            },
            "require": {
                "nette/component-model": "~2.2",
                "nette/http": "~2.2",
                "nette/reflection": "~2.2",
                "nette/security": "~2.2",
                "nette/utils": "~2.2",
                "php": ">=5.3.1"
            },
            "conflict": {
                "nette/nette": "<2.2"
            },
            "require-dev": {
                "latte/latte": "~2.3.9",
                "nette/di": "~2.3",
                "nette/forms": "~2.2",
                "nette/robot-loader": "~2.2",
                "nette/tester": "~1.3"
            },
            "suggest": {
                "latte/latte": "Allows using Latte in templates",
                "nette/forms": "Allows to use Nette\\Application\\UI\\Form"
            },
            "type": "library",
            "autoload": {
                "classmap": [
                    "src/"
                ]
            },
            "notification-url": "https://packagist.org/downloads/",
            "license": [
                "BSD-3-Clause",
                "GPL-2.0",
                "GPL-3.0"
            ],
            "authors": [
                {
                    "name": "David Grudl",
                    "homepage": "https://davidgrudl.com"
                },
                {
                    "name": "Nette Community",
                    "homepage": "https://nette.org/contributors"
                }
            ],
            "description": "Nette Application MVC Component",
            "homepage": "https://nette.org",
            "time": "2016-04-06 10:25:42"
        },
        {
            "name": "nette/bootstrap",
            "version": "v2.3.4",
            "source": {
                "type": "git",
                "url": "https://github.com/nette/bootstrap.git",
                "reference": "e32964df66f2c5a3a50b229204f583d20c1f6829"
            },
            "dist": {
                "type": "zip",
                "url": "https://api.github.com/repos/nette/bootstrap/zipball/e32964df66f2c5a3a50b229204f583d20c1f6829",
                "reference": "e32964df66f2c5a3a50b229204f583d20c1f6829",
                "shasum": ""
            },
            "require": {
                "nette/di": "~2.3",
                "nette/utils": "~2.2",
                "php": ">=5.3.1"
            },
            "conflict": {
                "nette/nette": "<2.2"
            },
            "require-dev": {
                "latte/latte": "~2.2",
                "nette/application": "~2.3",
                "nette/caching": "~2.3",
                "nette/database": "~2.3",
                "nette/forms": "~2.3",
                "nette/http": "~2.3",
                "nette/mail": "~2.3",
                "nette/robot-loader": "~2.2",
                "nette/safe-stream": "~2.2",
                "nette/security": "~2.3",
                "nette/tester": "~1.3",
                "tracy/tracy": "~2.3"
            },
            "suggest": {
                "nette/robot-loader": "to use Configurator::createRobotLoader()",
                "tracy/tracy": "to use Configurator::enableDebugger()"
            },
            "type": "library",
            "autoload": {
                "classmap": [
                    "src/"
                ]
            },
            "notification-url": "https://packagist.org/downloads/",
            "license": [
                "BSD-3-Clause",
                "GPL-2.0",
                "GPL-3.0"
            ],
            "authors": [
                {
                    "name": "David Grudl",
                    "homepage": "https://davidgrudl.com"
                },
                {
                    "name": "Nette Community",
                    "homepage": "https://nette.org/contributors"
                }
            ],
            "description": "Nette Bootstrap",
            "homepage": "https://nette.org",
            "time": "2015-11-16 20:18:31"
        },
        {
            "name": "nette/caching",
            "version": "v2.3.5",
            "source": {
                "type": "git",
                "url": "https://github.com/nette/caching.git",
                "reference": "0cb5c2c91e92a155ca5c1700479476b80c30dece"
            },
            "dist": {
                "type": "zip",
                "url": "https://api.github.com/repos/nette/caching/zipball/0cb5c2c91e92a155ca5c1700479476b80c30dece",
                "reference": "0cb5c2c91e92a155ca5c1700479476b80c30dece",
                "shasum": ""
            },
            "require": {
                "nette/finder": "~2.2",
                "nette/utils": "~2.2",
                "php": ">=5.3.1"
            },
            "conflict": {
                "nette/nette": "<2.2"
            },
            "require-dev": {
                "latte/latte": "~2.3.0",
                "nette/di": "~2.3",
                "nette/tester": "~1.6"
            },
            "type": "library",
            "extra": {
                "branch-alias": {
                    "dev-master": "2.3-dev"
                }
            },
            "autoload": {
                "classmap": [
                    "src/"
                ]
            },
            "notification-url": "https://packagist.org/downloads/",
            "license": [
                "BSD-3-Clause",
                "GPL-2.0",
                "GPL-3.0"
            ],
            "authors": [
                {
                    "name": "David Grudl",
                    "homepage": "https://davidgrudl.com"
                },
                {
                    "name": "Nette Community",
                    "homepage": "https://nette.org/contributors"
                }
            ],
            "description": "Nette Caching Component",
            "homepage": "https://nette.org",
            "time": "2016-02-22 02:08:08"
        },
        {
            "name": "nette/component-model",
            "version": "v2.2.4",
            "source": {
                "type": "git",
                "url": "https://github.com/nette/component-model.git",
                "reference": "07bce436051fd92d084642ce7a47f00045e0d1e5"
            },
            "dist": {
                "type": "zip",
                "url": "https://api.github.com/repos/nette/component-model/zipball/07bce436051fd92d084642ce7a47f00045e0d1e5",
                "reference": "07bce436051fd92d084642ce7a47f00045e0d1e5",
                "shasum": ""
            },
            "require": {
                "nette/utils": "^2.3.5",
                "php": ">=5.3.1"
            },
            "conflict": {
                "nette/nette": "<2.2"
            },
            "require-dev": {
                "nette/tester": "~1.3"
            },
            "type": "library",
            "autoload": {
                "classmap": [
                    "src/"
                ]
            },
            "notification-url": "https://packagist.org/downloads/",
            "license": [
                "BSD-3-Clause",
                "GPL-2.0",
                "GPL-3.0"
            ],
            "authors": [
                {
                    "name": "David Grudl",
                    "homepage": "https://davidgrudl.com"
                },
                {
                    "name": "Nette Community",
                    "homepage": "https://nette.org/contributors"
                }
            ],
            "description": "Nette Component Model",
            "homepage": "https://nette.org",
            "time": "2015-10-06 17:54:05"
        },
        {
            "name": "nette/database",
            "version": "v2.3.8",
            "source": {
                "type": "git",
                "url": "https://github.com/nette/database.git",
                "reference": "1e12005c73411cade4691ca8e1c3b96c1d09a05e"
            },
            "dist": {
                "type": "zip",
                "url": "https://api.github.com/repos/nette/database/zipball/1e12005c73411cade4691ca8e1c3b96c1d09a05e",
                "reference": "1e12005c73411cade4691ca8e1c3b96c1d09a05e",
                "shasum": ""
            },
            "require": {
                "ext-pdo": "*",
                "nette/caching": "^2.2",
                "nette/utils": "^2.3.5",
                "php": ">=5.3.1"
            },
            "conflict": {
                "nette/nette": "<2.2"
            },
            "require-dev": {
                "mockery/mockery": "^0.9.1",
                "nette/di": "^2.3",
                "nette/tester": "^1.3"
            },
            "type": "library",
            "autoload": {
                "classmap": [
                    "src/"
                ]
            },
            "notification-url": "https://packagist.org/downloads/",
            "license": [
                "BSD-3-Clause",
                "GPL-2.0",
                "GPL-3.0"
            ],
            "authors": [
                {
                    "name": "David Grudl",
                    "homepage": "https://davidgrudl.com"
                },
                {
                    "name": "Nette Community",
                    "homepage": "https://nette.org/contributors"
                }
            ],
            "description": "Nette Database Component",
            "homepage": "https://nette.org",
            "time": "2015-12-03 02:24:48"
        },
        {
            "name": "nette/deprecated",
            "version": "v2.3.2",
            "source": {
                "type": "git",
                "url": "https://github.com/nette/deprecated.git",
                "reference": "9e3cac96c0796c2404f7da0fb8537c78815b55e5"
            },
            "dist": {
                "type": "zip",
                "url": "https://api.github.com/repos/nette/deprecated/zipball/9e3cac96c0796c2404f7da0fb8537c78815b55e5",
                "reference": "9e3cac96c0796c2404f7da0fb8537c78815b55e5",
                "shasum": ""
            },
            "require-dev": {
                "latte/latte": "^2.2",
                "nette/application": "^2.2",
                "nette/bootstrap": "^2.2.1",
                "nette/caching": "^2.2",
                "nette/forms": "^2.2",
                "nette/mail": "^2.2",
                "nette/robot-loader": "^2.2",
                "nette/safe-stream": "^2.2",
                "nette/tester": "^1.1",
                "nette/utils": "^2.2",
                "tracy/tracy": "^2.2"
            },
            "type": "library",
            "autoload": {
                "classmap": [
                    "src/"
                ],
                "files": [
                    "src/loader.php"
                ]
            },
            "notification-url": "https://packagist.org/downloads/",
            "license": [
                "BSD-3-Clause",
                "GPL-2.0",
                "GPL-3.0"
            ],
            "authors": [
                {
                    "name": "David Grudl",
                    "homepage": "https://davidgrudl.com"
                },
                {
                    "name": "Nette Community",
                    "homepage": "https://nette.org/contributors"
                }
            ],
            "description": "APIs and features removed from Nette Framework",
            "homepage": "https://nette.org",
            "time": "2015-11-06 22:47:00"
        },
        {
            "name": "nette/di",
            "version": "v2.3.10",
            "source": {
                "type": "git",
                "url": "https://github.com/nette/di.git",
                "reference": "2e361f237de2c2e0b54ad83716b605180c27f09f"
            },
            "dist": {
                "type": "zip",
                "url": "https://api.github.com/repos/nette/di/zipball/2e361f237de2c2e0b54ad83716b605180c27f09f",
                "reference": "2e361f237de2c2e0b54ad83716b605180c27f09f",
                "shasum": ""
            },
            "require": {
                "nette/neon": "^2.3.3",
                "nette/php-generator": "^2.3.3",
                "nette/utils": "^2.3.5",
                "php": ">=5.3.1"
            },
            "conflict": {
                "nette/nette": "<2.2"
            },
            "require-dev": {
                "nette/tester": "^1.6"
            },
            "type": "library",
            "autoload": {
                "classmap": [
                    "src/"
                ]
            },
            "notification-url": "https://packagist.org/downloads/",
            "license": [
                "BSD-3-Clause",
                "GPL-2.0",
                "GPL-3.0"
            ],
            "authors": [
                {
                    "name": "David Grudl",
                    "homepage": "https://davidgrudl.com"
                },
                {
                    "name": "Nette Community",
                    "homepage": "https://nette.org/contributors"
                }
            ],
            "description": "Nette Dependency Injection Component",
            "homepage": "https://nette.org",
            "time": "2016-03-11 22:33:31"
        },
        {
            "name": "nette/finder",
            "version": "v2.3.2",
            "source": {
                "type": "git",
                "url": "https://github.com/nette/finder.git",
                "reference": "ea8e796b42d542bd90e76f5b2a41c2c86a008256"
            },
            "dist": {
                "type": "zip",
                "url": "https://api.github.com/repos/nette/finder/zipball/ea8e796b42d542bd90e76f5b2a41c2c86a008256",
                "reference": "ea8e796b42d542bd90e76f5b2a41c2c86a008256",
                "shasum": ""
            },
            "require": {
                "nette/utils": "~2.2",
                "php": ">=5.3.1"
            },
            "conflict": {
                "nette/nette": "<2.2"
            },
            "require-dev": {
                "nette/tester": "~1.4"
            },
            "type": "library",
            "autoload": {
                "classmap": [
                    "src/"
                ]
            },
            "notification-url": "https://packagist.org/downloads/",
            "license": [
                "BSD-3-Clause",
                "GPL-2.0",
                "GPL-3.0"
            ],
            "authors": [
                {
                    "name": "David Grudl",
                    "homepage": "https://davidgrudl.com"
                },
                {
                    "name": "Nette Community",
                    "homepage": "https://nette.org/contributors"
                }
            ],
            "description": "Nette Finder: Files Searching",
            "homepage": "https://nette.org",
            "time": "2015-10-20 17:15:41"
        },
        {
            "name": "nette/forms",
            "version": "v2.3.8",
            "source": {
                "type": "git",
                "url": "https://github.com/nette/forms.git",
                "reference": "0cb5a8534bd446824ed6f63af3b4479c11361768"
            },
            "dist": {
                "type": "zip",
                "url": "https://api.github.com/repos/nette/forms/zipball/0cb5a8534bd446824ed6f63af3b4479c11361768",
                "reference": "0cb5a8534bd446824ed6f63af3b4479c11361768",
                "shasum": ""
            },
            "require": {
                "nette/component-model": "~2.2",
                "nette/http": "~2.2",
                "nette/utils": "~2.2",
                "php": ">=5.3.1"
            },
            "conflict": {
                "nette/nette": "<2.2"
            },
            "require-dev": {
                "latte/latte": "~2.3.2",
                "nette/di": "~2.3",
                "nette/tester": "~1.3",
                "tracy/tracy": "~2.2"
            },
            "type": "library",
            "autoload": {
                "classmap": [
                    "src/"
                ]
            },
            "notification-url": "https://packagist.org/downloads/",
            "license": [
                "BSD-3-Clause",
                "GPL-2.0",
                "GPL-3.0"
            ],
            "authors": [
                {
                    "name": "David Grudl",
                    "homepage": "https://davidgrudl.com"
                },
                {
                    "name": "Nette Community",
                    "homepage": "https://nette.org/contributors"
                }
            ],
            "description": "Nette Forms: greatly facilitates web forms",
            "homepage": "https://nette.org",
            "time": "2016-02-08 00:16:32"
        },
        {
            "name": "nette/http",
            "version": "v2.3.6",
            "source": {
                "type": "git",
                "url": "https://github.com/nette/http.git",
                "reference": "24459307b19456706febbff8dbd033e1ff56ba04"
            },
            "dist": {
                "type": "zip",
                "url": "https://api.github.com/repos/nette/http/zipball/24459307b19456706febbff8dbd033e1ff56ba04",
                "reference": "24459307b19456706febbff8dbd033e1ff56ba04",
                "shasum": ""
            },
            "require": {
                "nette/utils": "~2.2, >=2.2.2",
                "php": ">=5.3.1"
            },
            "conflict": {
                "nette/nette": "<2.2"
            },
            "require-dev": {
                "nette/di": "~2.3",
                "nette/tester": "~1.4"
            },
            "suggest": {
                "ext-fileinfo": "to detect type of uploaded files"
            },
            "type": "library",
            "autoload": {
                "classmap": [
                    "src/"
                ]
            },
            "notification-url": "https://packagist.org/downloads/",
            "license": [
                "BSD-3-Clause",
                "GPL-2.0",
                "GPL-3.0"
            ],
            "authors": [
                {
                    "name": "David Grudl",
                    "homepage": "https://davidgrudl.com"
                },
                {
                    "name": "Nette Community",
                    "homepage": "https://nette.org/contributors"
                }
            ],
            "description": "Nette HTTP Component",
            "homepage": "https://nette.org",
            "time": "2016-04-02 17:09:25"
        },
        {
            "name": "nette/mail",
            "version": "v2.3.5",
            "source": {
                "type": "git",
                "url": "https://github.com/nette/mail.git",
                "reference": "44491710d30db970e731c3908c491d061a0e22df"
            },
            "dist": {
                "type": "zip",
                "url": "https://api.github.com/repos/nette/mail/zipball/44491710d30db970e731c3908c491d061a0e22df",
                "reference": "44491710d30db970e731c3908c491d061a0e22df",
                "shasum": ""
            },
            "require": {
                "ext-iconv": "*",
                "nette/utils": "~2.2",
                "php": ">=5.3.1"
            },
            "conflict": {
                "nette/nette": "<2.2"
            },
            "require-dev": {
                "nette/di": "~2.3",
                "nette/tester": "~1.3"
            },
            "suggest": {
                "ext-fileinfo": "to detect type of attached files"
            },
            "type": "library",
            "autoload": {
                "classmap": [
                    "src/"
                ]
            },
            "notification-url": "https://packagist.org/downloads/",
            "license": [
                "BSD-3-Clause",
                "GPL-2.0",
                "GPL-3.0"
            ],
            "authors": [
                {
                    "name": "David Grudl",
                    "homepage": "https://davidgrudl.com"
                },
                {
                    "name": "Nette Community",
                    "homepage": "https://nette.org/contributors"
                }
            ],
            "description": "Nette Mail: Sending E-mails",
            "homepage": "https://nette.org",
            "time": "2016-04-10 12:50:29"
        },
        {
            "name": "nette/neon",
            "version": "v2.3.4",
            "source": {
                "type": "git",
                "url": "https://github.com/nette/neon.git",
                "reference": "0042f72a2c51b24f5de3ca5f365494cd9b0d45f0"
            },
            "dist": {
                "type": "zip",
                "url": "https://api.github.com/repos/nette/neon/zipball/0042f72a2c51b24f5de3ca5f365494cd9b0d45f0",
                "reference": "0042f72a2c51b24f5de3ca5f365494cd9b0d45f0",
                "shasum": ""
            },
            "require": {
                "ext-iconv": "*",
                "php": ">=5.3.1"
            },
            "require-dev": {
                "nette/tester": "~1.4"
            },
            "type": "library",
            "autoload": {
                "classmap": [
                    "src/"
                ]
            },
            "notification-url": "https://packagist.org/downloads/",
            "license": [
                "BSD-3-Clause",
                "GPL-2.0",
                "GPL-3.0"
            ],
            "authors": [
                {
                    "name": "David Grudl",
                    "homepage": "https://davidgrudl.com"
                },
                {
                    "name": "Nette Community",
                    "homepage": "https://nette.org/contributors"
                }
            ],
            "description": "Nette NEON: parser & generator for Nette Object Notation",
            "homepage": "http://ne-on.org",
            "time": "2016-01-13 14:20:27"
        },
        {
            "name": "nette/nette",
            "version": "v2.3.10",
            "source": {
                "type": "git",
                "url": "https://github.com/nette/nette.git",
                "reference": "79d539fee7e927e5774492b0774044a0456cd50b"
            },
            "dist": {
                "type": "zip",
                "url": "https://api.github.com/repos/nette/nette/zipball/79d539fee7e927e5774492b0774044a0456cd50b",
                "reference": "79d539fee7e927e5774492b0774044a0456cd50b",
                "shasum": ""
            },
            "require": {
                "latte/latte": "~2.3.11",
                "nette/application": "~2.3.12",
                "nette/bootstrap": "~2.3.4",
                "nette/caching": "~2.3.5",
                "nette/component-model": "~2.2.4",
                "nette/database": "~2.3.8",
                "nette/deprecated": "~2.3.2",
                "nette/di": "~2.3.10",
                "nette/finder": "~2.3.2",
                "nette/forms": "~2.3.8",
                "nette/http": "~2.3.6",
                "nette/mail": "~2.3.5",
                "nette/neon": "~2.3.4",
                "nette/php-generator": "~2.3.5",
                "nette/reflection": "~2.3.2",
                "nette/robot-loader": "~2.3.1",
                "nette/safe-stream": "~2.3.2",
                "nette/security": "~2.3.1",
                "nette/tokenizer": "~2.2.1",
                "nette/utils": "~2.3.8",
                "tracy/tracy": "~2.3.10"
            },
            "type": "library",
            "autoload": {
                "classmap": [
                    "Nette/"
                ]
            },
            "notification-url": "https://packagist.org/downloads/",
            "license": [
                "BSD-3-Clause",
                "GPL-2.0",
                "GPL-3.0"
            ],
            "authors": [
                {
                    "name": "David Grudl",
                    "homepage": "https://davidgrudl.com"
                },
                {
                    "name": "Nette Community",
                    "homepage": "https://nette.org/contributors"
                }
            ],
            "description": "Nette Framework - innovative framework for fast and easy development of secured web applications in PHP. Write less, have cleaner code and your work will bring you joy.",
            "homepage": "https://nette.org",
            "keywords": [
                "Forms",
                "database",
                "debugging",
                "framework",
                "mailing",
                "mvc",
                "templating"
            ],
            "time": "2016-04-13 18:47:10"
        },
        {
            "name": "nette/php-generator",
            "version": "v2.3.5",
            "source": {
                "type": "git",
                "url": "https://github.com/nette/php-generator.git",
                "reference": "224730a45e0cd6e76e692997a3d981a592f80b5d"
            },
            "dist": {
                "type": "zip",
                "url": "https://api.github.com/repos/nette/php-generator/zipball/224730a45e0cd6e76e692997a3d981a592f80b5d",
                "reference": "224730a45e0cd6e76e692997a3d981a592f80b5d",
                "shasum": ""
            },
            "require": {
                "nette/utils": "~2.2",
                "php": ">=5.3.1"
            },
            "conflict": {
                "nette/nette": "<2.2"
            },
            "require-dev": {
                "nette/tester": "~1.4"
            },
            "type": "library",
            "autoload": {
                "classmap": [
                    "src/"
                ]
            },
            "notification-url": "https://packagist.org/downloads/",
            "license": [
                "BSD-3-Clause",
                "GPL-2.0",
                "GPL-3.0"
            ],
            "authors": [
                {
                    "name": "David Grudl",
                    "homepage": "https://davidgrudl.com"
                },
                {
                    "name": "Nette Community",
                    "homepage": "https://nette.org/contributors"
                }
            ],
            "description": "Nette PHP Generator",
            "homepage": "https://nette.org",
            "time": "2015-11-29 22:14:37"
        },
        {
            "name": "nette/reflection",
            "version": "v2.3.2",
            "source": {
                "type": "git",
                "url": "https://github.com/nette/reflection.git",
                "reference": "6c39adc4661f5f7b64be7ee161b8f67d8174da4d"
            },
            "dist": {
                "type": "zip",
                "url": "https://api.github.com/repos/nette/reflection/zipball/6c39adc4661f5f7b64be7ee161b8f67d8174da4d",
                "reference": "6c39adc4661f5f7b64be7ee161b8f67d8174da4d",
                "shasum": ""
            },
            "require": {
                "ext-tokenizer": "*",
                "nette/caching": "~2.2",
                "nette/utils": "~2.2",
                "php": ">=5.3.1"
            },
            "conflict": {
                "nette/nette": "<2.2"
            },
            "require-dev": {
                "nette/di": "~2.3",
                "nette/tester": "~1.4"
            },
            "type": "library",
            "autoload": {
                "classmap": [
                    "src/"
                ]
            },
            "notification-url": "https://packagist.org/downloads/",
            "license": [
                "BSD-3-Clause",
                "GPL-2.0",
                "GPL-3.0"
            ],
            "authors": [
                {
                    "name": "David Grudl",
                    "homepage": "https://davidgrudl.com"
                },
                {
                    "name": "Nette Community",
                    "homepage": "https://nette.org/contributors"
                }
            ],
            "description": "Nette PHP Reflection Component",
            "homepage": "https://nette.org",
            "time": "2016-03-12 14:57:07"
        },
        {
            "name": "nette/robot-loader",
            "version": "v2.3.1",
            "source": {
                "type": "git",
                "url": "https://github.com/nette/robot-loader.git",
                "reference": "69331d359bbc9e5f911c12b82187cac914d983fb"
            },
            "dist": {
                "type": "zip",
                "url": "https://api.github.com/repos/nette/robot-loader/zipball/69331d359bbc9e5f911c12b82187cac914d983fb",
                "reference": "69331d359bbc9e5f911c12b82187cac914d983fb",
                "shasum": ""
            },
            "require": {
                "nette/caching": "~2.2",
                "nette/finder": "~2.3",
                "nette/utils": "~2.2",
                "php": ">=5.3.1"
            },
            "conflict": {
                "nette/nette": "<2.2"
            },
            "require-dev": {
                "nette/tester": "~1.4"
            },
            "type": "library",
            "autoload": {
                "classmap": [
                    "src/"
                ]
            },
            "notification-url": "https://packagist.org/downloads/",
            "license": [
                "BSD-3-Clause",
                "GPL-2.0",
                "GPL-3.0"
            ],
            "authors": [
                {
                    "name": "David Grudl",
                    "homepage": "http://davidgrudl.com"
                },
                {
                    "name": "Nette Community",
                    "homepage": "http://nette.org/contributors"
                }
            ],
            "description": "Nette RobotLoader: comfortable autoloading",
            "homepage": "http://nette.org",
            "time": "2015-07-11 21:20:57"
        },
        {
            "name": "nette/safe-stream",
            "version": "v2.3.2",
            "source": {
                "type": "git",
                "url": "https://github.com/nette/safe-stream.git",
                "reference": "4b9bb3266a537e59b10a2932f05dca47333420fc"
            },
            "dist": {
                "type": "zip",
                "url": "https://api.github.com/repos/nette/safe-stream/zipball/4b9bb3266a537e59b10a2932f05dca47333420fc",
                "reference": "4b9bb3266a537e59b10a2932f05dca47333420fc",
                "shasum": ""
            },
            "require": {
                "php": ">=5.3.1"
            },
            "conflict": {
                "nette/nette": "<2.2"
            },
            "require-dev": {
                "nette/tester": "~1.0",
                "tracy/tracy": "^2.3"
            },
            "type": "library",
            "extra": {
                "branch-alias": {
                    "dev-master": "2.3-dev"
                }
            },
            "autoload": {
                "files": [
                    "src/loader.php"
                ]
            },
            "notification-url": "https://packagist.org/downloads/",
            "license": [
                "BSD-3-Clause",
                "GPL-2.0",
                "GPL-3.0"
            ],
            "authors": [
                {
                    "name": "David Grudl",
                    "homepage": "https://davidgrudl.com"
                },
                {
                    "name": "Nette Community",
                    "homepage": "https://nette.org/contributors"
                }
            ],
            "description": "Nette SafeStream: Atomic Operations",
            "homepage": "https://nette.org",
            "time": "2016-03-19 13:06:04"
        },
        {
            "name": "nette/security",
            "version": "v2.3.1",
            "source": {
                "type": "git",
                "url": "https://github.com/nette/security.git",
                "reference": "744264a42b506d63009d7e3853ed72b04c99e964"
            },
            "dist": {
                "type": "zip",
                "url": "https://api.github.com/repos/nette/security/zipball/744264a42b506d63009d7e3853ed72b04c99e964",
                "reference": "744264a42b506d63009d7e3853ed72b04c99e964",
                "shasum": ""
            },
            "require": {
                "nette/utils": "~2.2",
                "php": ">=5.3.1"
            },
            "conflict": {
                "nette/nette": "<2.2"
            },
            "require-dev": {
                "nette/di": "~2.3",
                "nette/http": "~2.3",
                "nette/tester": "~1.4"
            },
            "type": "library",
            "autoload": {
                "classmap": [
                    "src/"
                ]
            },
            "notification-url": "https://packagist.org/downloads/",
            "license": [
                "BSD-3-Clause",
                "GPL-2.0",
                "GPL-3.0"
            ],
            "authors": [
                {
                    "name": "David Grudl",
                    "homepage": "http://davidgrudl.com"
                },
                {
                    "name": "Nette Community",
                    "homepage": "http://nette.org/contributors"
                }
            ],
            "description": "Nette Security: Access Control Component",
            "homepage": "http://nette.org",
            "time": "2015-07-11 21:22:53"
        },
        {
            "name": "nette/tokenizer",
            "version": "v2.2.1",
            "source": {
                "type": "git",
                "url": "https://github.com/nette/tokenizer.git",
                "reference": "cbb4920d166af495f83eb213f16512a421d44f63"
            },
            "dist": {
                "type": "zip",
                "url": "https://api.github.com/repos/nette/tokenizer/zipball/cbb4920d166af495f83eb213f16512a421d44f63",
                "reference": "cbb4920d166af495f83eb213f16512a421d44f63",
                "shasum": ""
            },
            "require": {
                "php": ">=5.3.1"
            },
            "conflict": {
                "nette/nette": "<2.2"
            },
            "require-dev": {
                "nette/tester": "~1.0"
            },
            "type": "library",
            "autoload": {
                "classmap": [
                    "src/"
                ]
            },
            "notification-url": "https://packagist.org/downloads/",
            "license": [
                "BSD-3-Clause",
                "GPL-2.0",
                "GPL-3.0"
            ],
            "authors": [
                {
                    "name": "David Grudl",
                    "homepage": "http://davidgrudl.com"
                },
                {
                    "name": "Nette Community",
                    "homepage": "http://nette.org/contributors"
                }
            ],
            "description": "Nette Tokenizer",
            "homepage": "http://nette.org",
            "time": "2015-07-11 21:24:02"
        },
        {
            "name": "nette/utils",
            "version": "v2.3.8",
            "source": {
                "type": "git",
                "url": "https://github.com/nette/utils.git",
                "reference": "34ca4cd67bb768199aae2879eb8ad0ab016f2d8a"
            },
            "dist": {
                "type": "zip",
                "url": "https://api.github.com/repos/nette/utils/zipball/34ca4cd67bb768199aae2879eb8ad0ab016f2d8a",
                "reference": "34ca4cd67bb768199aae2879eb8ad0ab016f2d8a",
                "shasum": ""
            },
            "require": {
                "php": ">=5.3.1"
            },
            "conflict": {
                "nette/nette": "<2.2"
            },
            "require-dev": {
                "nette/tester": "~1.0"
            },
            "suggest": {
                "ext-gd": "to use Image",
                "ext-iconv": "to use Strings::webalize() and toAscii()",
                "ext-intl": "for script transliteration in Strings::webalize() and toAscii()",
                "ext-mbstring": "to use Strings::lower() etc..."
            },
            "type": "library",
            "autoload": {
                "classmap": [
                    "src/"
                ]
            },
            "notification-url": "https://packagist.org/downloads/",
            "license": [
                "BSD-3-Clause",
                "GPL-2.0",
                "GPL-3.0"
            ],
            "authors": [
                {
                    "name": "David Grudl",
                    "homepage": "https://davidgrudl.com"
                },
                {
                    "name": "Nette Community",
                    "homepage": "https://nette.org/contributors"
                }
            ],
            "description": "Nette Utility Classes",
            "homepage": "https://nette.org",
            "time": "2016-03-18 17:36:54"
        },
        {
            "name": "tracy/tracy",
            "version": "v2.3.10",
            "source": {
                "type": "git",
                "url": "https://github.com/nette/tracy.git",
                "reference": "0378bbc73ba54be60f90a00faa148768fb723406"
            },
            "dist": {
                "type": "zip",
                "url": "https://api.github.com/repos/nette/tracy/zipball/0378bbc73ba54be60f90a00faa148768fb723406",
                "reference": "0378bbc73ba54be60f90a00faa148768fb723406",
                "shasum": ""
            },
            "require": {
                "php": ">=5.3.1"
            },
            "require-dev": {
                "nette/di": "~2.3",
                "nette/tester": "~1.3"
            },
            "type": "library",
            "autoload": {
                "classmap": [
                    "src"
                ],
                "files": [
                    "src/shortcuts.php"
                ]
            },
            "notification-url": "https://packagist.org/downloads/",
            "license": [
                "BSD-3-Clause",
                "GPL-2.0",
                "GPL-3.0"
            ],
            "authors": [
                {
                    "name": "David Grudl",
                    "homepage": "https://davidgrudl.com"
                },
                {
                    "name": "Nette Community",
                    "homepage": "https://nette.org/contributors"
                }
            ],
            "description": "Tracy: useful PHP debugger",
            "homepage": "https://tracy.nette.org",
            "keywords": [
                "debug",
                "debugger",
                "nette"
            ],
            "time": "2016-02-28 21:39:42"
        }
    ],
    "packages-dev": null,
    "aliases": [],
    "minimum-stability": "stable",
    "stability-flags": {
        "kdyby/google": 20,
        "nette/tester": 20,
        "behat/behat": 0,
        "behat/mink": 0
    },
    "prefer-stable": false,
    "prefer-lowest": false,
    "platform": {
        "php": ">= 5.3.7"
    },
    "platform-dev": []
}
