{
    "hash": "823147b7ee1b988afd59c6878eb22143",
    "packages": [
        {
            "name": "nette/nette",
            "version": "dev-v2.0.10-fixed-sqlite",
            "source": {
                "type": "git",
                "url": "https://github.com/choko/nette.git",
                "reference": "9b57a3f632a6aeec09e43c6b4ad2783dea71a796"
            },
            "dist": {
                "type": "zip",
                "url": "https://api.github.com/repos/choko/nette/zipball/9b57a3f632a6aeec09e43c6b4ad2783dea71a796",
                "reference": "9b57a3f632a6aeec09e43c6b4ad2783dea71a796",
                "shasum": ""
            },
            "require": {
                "ext-iconv": "*",
                "ext-tokenizer": "*",
                "php": ">=5.3.0"
            },
            "require-dev": {
                "nette/tester": "@dev"
            },
            "suggest": {
                "ext-fileinfo": "*",
                "ext-gd": "*",
                "ext-mbstring": "*",
                "ext-memcache": "*",
                "ext-pdo": "*"
            },
            "time": "2013-04-26 10:47:21",
            "type": "library",
            "extra": {
                "branch-alias": {
                    "dev-master": "2.1-dev"
                }
            },
            "autoload": {
                "files": [
                    "Nette/loader.php"
                ]
            },
            "license": [
                "BSD-3-Clause",
                "GPL-2.0",
                "GPL-3.0"
            ],
            "authors": [
                {
                    "name": "David Grudl",
                    "homepage": "http://davidgrudl.com"
                },
                {
                    "name": "Nette Community",
                    "homepage": "http://nette.org/contributors"
                }
            ],
            "description": "Nette Framework - innovative framework for fast and easy development of secured web applications in PHP. Write less, have cleaner code and your work will bring you joy.",
            "homepage": "http://nette.org",
            "keywords": [
                "database",
                "dbal",
                "debugging",
                "forms",
                "framework",
                "images",
                "latte",
                "mailing",
                "micro",
                "mvc",
                "neon",
                "templating"
            ],
            "support": {
                "source": "https://github.com/choko/nette/tree/master"
            }
        }
    ],
    "packages-dev": null,
    "aliases": [

    ],
    "minimum-stability": "stable",
    "stability-flags": {
        "nette/nette": 20,
        "nette/tester": 20,
        "behat/behat": 0,
        "behat/mink": 0
    }
}
